
Microsoft Visual Studio Solution File, Format Version 12.00
# Visual Studio 15
VisualStudioVersion = 15.0.28307.168
MinimumVisualStudioVersion = 10.0.40219.1
Project("{FAE04EC0-301F-11D3-BF4B-00C04F79EFBC}") = "Quickr", "Quickr.csproj", "{AE693B0B-8423-433C-8884-47FA87DB7B6B}"
EndProject
Global
	GlobalSection(SolutionConfigurationPlatforms) = preSolution
		Debug|Any CPU = Debug|Any CPU
		Release|Any CPU = Release|Any CPU
	EndGlobalSection
	GlobalSection(ProjectConfigurationPlatforms) = postSolution
		{AE693B0B-8423-433C-8884-47FA87DB7B6B}.Debug|Any CPU.ActiveCfg = Debug|Any CPU
		{AE693B0B-8423-433C-8884-47FA87DB7B6B}.Debug|Any CPU.Build.0 = Debug|Any CPU
		{AE693B0B-8423-433C-8884-47FA87DB7B6B}.Release|Any CPU.ActiveCfg = Release|Any CPU
		{AE693B0B-8423-433C-8884-47FA87DB7B6B}.Release|Any CPU.Build.0 = Release|Any CPU
	EndGlobalSection
	GlobalSection(SolutionProperties) = preSolution
		HideSolutionNode = FALSE
	EndGlobalSection
	GlobalSection(ExtensibilityGlobals) = postSolution
		SolutionGuid = {32D2265C-5766-46A6-A58A-A604B001618A}
	EndGlobalSection
EndGlobal
